{
	"name": "Awesome",
	"version": "0.0.1",
	"lockfileVersion": 1,
	"dependencies": {
		"react-native-switch-pro": {
			"version": "0.4.2",
			"resolved": "https://registry.npmjs.org/react-native-switch-pro/-/react-native-switch-pro-0.4.2.tgz",
			"integrity": "sha1-gnzWULHhC71a9rtc3MU0PQwf160="
		}
	}
}
